
Microsoft Visual Studio Solution File, Format Version 12.00
# Visual Studio 14
VisualStudioVersion = 14.0.25420.1
MinimumVisualStudioVersion = 10.0.40219.1
Project("{8BC9CEB8-8B4A-11D0-8D11-00A0C91BC942}") = "pandaJ2534DLL", "pandaJ2534DLL\pandaJ2534DLL.vcxproj", "{A2BB18A5-F26B-48D6-BBB5-B83D64473C77}"
	ProjectSection(ProjectDependencies) = postProject
		{5528AEFB-638D-49AF-B9D4-965154E7D531} = {5528AEFB-638D-49AF-B9D4-965154E7D531}
	EndProjectSection
EndProject
Project("{8BC9CEB8-8B4A-11D0-8D11-00A0C91BC942}") = "panda", "panda\panda.vcxproj", "{5528AEFB-638D-49AF-B9D4-965154E7D531}"
EndProject
Project("{8BC9CEB8-8B4A-11D0-8D11-00A0C91BC942}") = "panda_playground", "panda_playground\panda_playground.vcxproj", "{691DB635-C272-4B98-897E-0505B970DCA9}"
	ProjectSection(ProjectDependencies) = postProject
		{5528AEFB-638D-49AF-B9D4-965154E7D531} = {5528AEFB-638D-49AF-B9D4-965154E7D531}
	EndProjectSection
EndProject
Project("{8BC9CEB8-8B4A-11D0-8D11-00A0C91BC942}") = "panda Driver Package", "panda Driver Package\panda Driver Package.vcxproj", "{BD34DB24-F5DC-4992-A74F-05FAF731ABED}"
	ProjectSection(ProjectDependencies) = postProject
		{5528AEFB-638D-49AF-B9D4-965154E7D531} = {5528AEFB-638D-49AF-B9D4-965154E7D531}
	EndProjectSection
EndProject
Project("{8BC9CEB8-8B4A-11D0-8D11-00A0C91BC942}") = "panda Test Native", "panda Test Native\panda Test Native.vcxproj", "{99AEA487-44D8-4C32-BFF1-DE426DFBD32F}"
EndProject
Global
	GlobalSection(SolutionConfigurationPlatforms) = preSolution
		Debug|Any CPU = Debug|Any CPU
		Debug|ARM = Debug|ARM
		Debug|ARM64 = Debug|ARM64
		Debug|x64 = Debug|x64
		Debug|x86 = Debug|x86
		Release|Any CPU = Release|Any CPU
		Release|ARM = Release|ARM
		Release|ARM64 = Release|ARM64
		Release|x64 = Release|x64
		Release|x86 = Release|x86
	EndGlobalSection
	GlobalSection(ProjectConfigurationPlatforms) = postSolution
		{A2BB18A5-F26B-48D6-BBB5-B83D64473C77}.Debug|Any CPU.ActiveCfg = Debug|Win32
		{A2BB18A5-F26B-48D6-BBB5-B83D64473C77}.Debug|ARM.ActiveCfg = Debug|Win32
		{A2BB18A5-F26B-48D6-BBB5-B83D64473C77}.Debug|ARM64.ActiveCfg = Debug|Win32
		{A2BB18A5-F26B-48D6-BBB5-B83D64473C77}.Debug|x64.ActiveCfg = Debug|x64
		{A2BB18A5-F26B-48D6-BBB5-B83D64473C77}.Debug|x64.Build.0 = Debug|x64
		{A2BB18A5-F26B-48D6-BBB5-B83D64473C77}.Debug|x86.ActiveCfg = Debug|Win32
		{A2BB18A5-F26B-48D6-BBB5-B83D64473C77}.Debug|x86.Build.0 = Debug|Win32
		{A2BB18A5-F26B-48D6-BBB5-B83D64473C77}.Release|Any CPU.ActiveCfg = Release|Win32
		{A2BB18A5-F26B-48D6-BBB5-B83D64473C77}.Release|ARM.ActiveCfg = Release|Win32
		{A2BB18A5-F26B-48D6-BBB5-B83D64473C77}.Release|ARM64.ActiveCfg = Release|Win32
		{A2BB18A5-F26B-48D6-BBB5-B83D64473C77}.Release|x64.ActiveCfg = Release|x64
		{A2BB18A5-F26B-48D6-BBB5-B83D64473C77}.Release|x64.Build.0 = Release|x64
		{A2BB18A5-F26B-48D6-BBB5-B83D64473C77}.Release|x86.ActiveCfg = Release|Win32
		{A2BB18A5-F26B-48D6-BBB5-B83D64473C77}.Release|x86.Build.0 = Release|Win32
		{5528AEFB-638D-49AF-B9D4-965154E7D531}.Debug|Any CPU.ActiveCfg = Debug|Win32
		{5528AEFB-638D-49AF-B9D4-965154E7D531}.Debug|ARM.ActiveCfg = Debug|Win32
		{5528AEFB-638D-49AF-B9D4-965154E7D531}.Debug|ARM64.ActiveCfg = Debug|Win32
		{5528AEFB-638D-49AF-B9D4-965154E7D531}.Debug|x64.ActiveCfg = Debug|x64
		{5528AEFB-638D-49AF-B9D4-965154E7D531}.Debug|x64.Build.0 = Debug|x64
		{5528AEFB-638D-49AF-B9D4-965154E7D531}.Debug|x86.ActiveCfg = Debug|Win32
		{5528AEFB-638D-49AF-B9D4-965154E7D531}.Debug|x86.Build.0 = Debug|Win32
		{5528AEFB-638D-49AF-B9D4-965154E7D531}.Release|Any CPU.ActiveCfg = Release|Win32
		{5528AEFB-638D-49AF-B9D4-965154E7D531}.Release|ARM.ActiveCfg = Release|Win32
		{5528AEFB-638D-49AF-B9D4-965154E7D531}.Release|ARM64.ActiveCfg = Release|Win32
		{5528AEFB-638D-49AF-B9D4-965154E7D531}.Release|x64.ActiveCfg = Release|x64
		{5528AEFB-638D-49AF-B9D4-965154E7D531}.Release|x64.Build.0 = Release|x64
		{5528AEFB-638D-49AF-B9D4-965154E7D531}.Release|x86.ActiveCfg = Release|Win32
		{5528AEFB-638D-49AF-B9D4-965154E7D531}.Release|x86.Build.0 = Release|Win32
		{691DB635-C272-4B98-897E-0505B970DCA9}.Debug|Any CPU.ActiveCfg = Debug|Win32
		{691DB635-C272-4B98-897E-0505B970DCA9}.Debug|ARM.ActiveCfg = Debug|Win32
		{691DB635-C272-4B98-897E-0505B970DCA9}.Debug|ARM64.ActiveCfg = Debug|Win32
		{691DB635-C272-4B98-897E-0505B970DCA9}.Debug|x64.ActiveCfg = Debug|x64
		{691DB635-C272-4B98-897E-0505B970DCA9}.Debug|x64.Build.0 = Debug|x64
		{691DB635-C272-4B98-897E-0505B970DCA9}.Debug|x86.ActiveCfg = Debug|Win32
		{691DB635-C272-4B98-897E-0505B970DCA9}.Debug|x86.Build.0 = Debug|Win32
		{691DB635-C272-4B98-897E-0505B970DCA9}.Release|Any CPU.ActiveCfg = Release|Win32
		{691DB635-C272-4B98-897E-0505B970DCA9}.Release|ARM.ActiveCfg = Release|Win32
		{691DB635-C272-4B98-897E-0505B970DCA9}.Release|ARM64.ActiveCfg = Release|Win32
		{691DB635-C272-4B98-897E-0505B970DCA9}.Release|x64.ActiveCfg = Release|x64
		{691DB635-C272-4B98-897E-0505B970DCA9}.Release|x64.Build.0 = Release|x64
		{691DB635-C272-4B98-897E-0505B970DCA9}.Release|x86.ActiveCfg = Release|Win32
		{691DB635-C272-4B98-897E-0505B970DCA9}.Release|x86.Build.0 = Release|Win32
		{BD34DB24-F5DC-4992-A74F-05FAF731ABED}.Debug|Any CPU.ActiveCfg = Debug|Win32
		{BD34DB24-F5DC-4992-A74F-05FAF731ABED}.Debug|ARM.ActiveCfg = Debug|Win32
		{BD34DB24-F5DC-4992-A74F-05FAF731ABED}.Debug|ARM64.ActiveCfg = Debug|Win32
		{BD34DB24-F5DC-4992-A74F-05FAF731ABED}.Debug|x64.ActiveCfg = Debug|x64
		{BD34DB24-F5DC-4992-A74F-05FAF731ABED}.Debug|x64.Build.0 = Debug|x64
		{BD34DB24-F5DC-4992-A74F-05FAF731ABED}.Debug|x64.Deploy.0 = Debug|x64
		{BD34DB24-F5DC-4992-A74F-05FAF731ABED}.Debug|x86.ActiveCfg = Debug|Win32
		{BD34DB24-F5DC-4992-A74F-05FAF731ABED}.Debug|x86.Build.0 = Debug|Win32
		{BD34DB24-F5DC-4992-A74F-05FAF731ABED}.Debug|x86.Deploy.0 = Debug|Win32
		{BD34DB24-F5DC-4992-A74F-05FAF731ABED}.Release|Any CPU.ActiveCfg = Release|Win32
		{BD34DB24-F5DC-4992-A74F-05FAF731ABED}.Release|ARM.ActiveCfg = Release|Win32
		{BD34DB24-F5DC-4992-A74F-05FAF731ABED}.Release|ARM64.ActiveCfg = Release|Win32
		{BD34DB24-F5DC-4992-A74F-05FAF731ABED}.Release|x64.ActiveCfg = Release|x64
		{BD34DB24-F5DC-4992-A74F-05FAF731ABED}.Release|x64.Build.0 = Release|x64
		{BD34DB24-F5DC-4992-A74F-05FAF731ABED}.Release|x64.Deploy.0 = Release|x64
		{BD34DB24-F5DC-4992-A74F-05FAF731ABED}.Release|x86.ActiveCfg = Release|Win32
		{BD34DB24-F5DC-4992-A74F-05FAF731ABED}.Release|x86.Build.0 = Release|Win32
		{BD34DB24-F5DC-4992-A74F-05FAF731ABED}.Release|x86.Deploy.0 = Release|Win32
		{99AEA487-44D8-4C32-BFF1-DE426DFBD32F}.Debug|Any CPU.ActiveCfg = Debug|Win32
		{99AEA487-44D8-4C32-BFF1-DE426DFBD32F}.Debug|ARM.ActiveCfg = Debug|Win32
		{99AEA487-44D8-4C32-BFF1-DE426DFBD32F}.Debug|ARM64.ActiveCfg = Debug|Win32
		{99AEA487-44D8-4C32-BFF1-DE426DFBD32F}.Debug|x64.ActiveCfg = Debug|x64
		{99AEA487-44D8-4C32-BFF1-DE426DFBD32F}.Debug|x64.Build.0 = Debug|x64
		{99AEA487-44D8-4C32-BFF1-DE426DFBD32F}.Debug|x86.ActiveCfg = Debug|Win32
		{99AEA487-44D8-4C32-BFF1-DE426DFBD32F}.Debug|x86.Build.0 = Debug|Win32
		{99AEA487-44D8-4C32-BFF1-DE426DFBD32F}.Release|Any CPU.ActiveCfg = Release|Win32
		{99AEA487-44D8-4C32-BFF1-DE426DFBD32F}.Release|ARM.ActiveCfg = Release|Win32
		{99AEA487-44D8-4C32-BFF1-DE426DFBD32F}.Release|ARM64.ActiveCfg = Release|Win32
		{99AEA487-44D8-4C32-BFF1-DE426DFBD32F}.Release|x64.ActiveCfg = Release|x64
		{99AEA487-44D8-4C32-BFF1-DE426DFBD32F}.Release|x64.Build.0 = Release|x64
		{99AEA487-44D8-4C32-BFF1-DE426DFBD32F}.Release|x86.ActiveCfg = Release|Win32
		{99AEA487-44D8-4C32-BFF1-DE426DFBD32F}.Release|x86.Build.0 = Release|Win32
	EndGlobalSection
	GlobalSection(SolutionProperties) = preSolution
		HideSolutionNode = FALSE
	EndGlobalSection
EndGlobal
